// !$*UTF8*$!
{
	archiveVersion = 1;
	classes = {
	};
	objectVersion = 77;
	objects = {

/* Begin PBXBuildFile section */
		00D5E5811745EF40F22AAFC3 /* AgentUsageCore in Frameworks */ = {isa = PBXBuildFile; productRef = 7C5792EB10FF7C8A4E65F80C /* AgentUsageCore */; };
		1E2D8E2D98B17A4188607401 /* CodexConnectionSection.swift in Sources */ = {isa = PBXBuildFile; fileRef = 6094A8A45081389ED6885153 /* CodexConnectionSection.swift */; };
		23FBBA939475A9EBAE164E7C /* ClaudeConnectionSection.swift in Sources */ = {isa = PBXBuildFile; fileRef = 835BB179094F92BE69416650 /* ClaudeConnectionSection.swift */; };
		2DF388C85077104E67818E84 /* StatusUITests.swift in Sources */ = {isa = PBXBuildFile; fileRef = 9106949A8ADDBC7E6B25D977 /* StatusUITests.swift */; };
		2F0A66B043468141AAB5834E /* StatusModelTests.swift in Sources */ = {isa = PBXBuildFile; fileRef = 2842300CA5F05EBA8B52A18C /* StatusModelTests.swift */; };
		341F38D5D39ADC952D3CCD5B /* SettingsView.swift in Sources */ = {isa = PBXBuildFile; fileRef = 0EADC3E38C9140961AF87BF6 /* SettingsView.swift */; };
		43879D086D755FC4D033C245 /* AccountDetailView.swift in Sources */ = {isa = PBXBuildFile; fileRef = E669CC8E1ACA537B12B66955 /* AccountDetailView.swift */; };
		45BD3B97BAC99141DBFB7FAE /* ZaiConnectionSection.swift in Sources */ = {isa = PBXBuildFile; fileRef = 9748006B03114B40DD933B33 /* ZaiConnectionSection.swift */; };
		5EDE7F818518D4E331AACE69 /* ClaudeSlotModelTests.swift in Sources */ = {isa = PBXBuildFile; fileRef = 4C01AD5545F0D1C1AFAE2B4A /* ClaudeSlotModelTests.swift */; };
		951FB78A6B643120918FD706 /* CommandCodeConnectionSection.swift in Sources */ = {isa = PBXBuildFile; fileRef = 3CDCFE0C8974171F17EA0999 /* CommandCodeConnectionSection.swift */; };
		B0BDD46A4660D294E537BBB8 /* StatusModel.swift in Sources */ = {isa = PBXBuildFile; fileRef = 7C93F35BD30B7535C4239365 /* StatusModel.swift */; };
		BEF3086B8CAC04C4D79A3131 /* OpenCodeConnectionSection.swift in Sources */ = {isa = PBXBuildFile; fileRef = 60702F5AD5F8FFAA28A3D015 /* OpenCodeConnectionSection.swift */; };
		D689B88AF3E021AC243551FD /* AgentUsageApp.swift in Sources */ = {isa = PBXBuildFile; fileRef = 93D0A8E0C3CFEEFCCA55BED4 /* AgentUsageApp.swift */; };
		ED665E2436BCB4D5BC14CC41 /* CodexSlotModelTests.swift in Sources */ = {isa = PBXBuildFile; fileRef = 87BC02D0CE3D4EED286098E5 /* CodexSlotModelTests.swift */; };
		EED66B6739868935FCDBF91F /* RootView.swift in Sources */ = {isa = PBXBuildFile; fileRef = C98A6707AB66F791641799E5 /* RootView.swift */; };
		FC1E84853B2E9645A46649F5 /* Previews.swift in Sources */ = {isa = PBXBuildFile; fileRef = 707DC9CF78C934A7D9D23FF6 /* Previews.swift */; };
/* End PBXBuildFile section */

/* Begin PBXContainerItemProxy section */
		455C36DF7399DF4D34D5498B /* PBXContainerItemProxy */ = {
			isa = PBXContainerItemProxy;
			containerPortal = B0B4ABFABE6C392FD7333ECD /* Project object */;
			proxyType = 1;
			remoteGlobalIDString = 4C460BE6C239DCFFAA742BEE;
			remoteInfo = AgentUsage;
		};
		716E6846E5CD017B0F691938 /* PBXContainerItemProxy */ = {
			isa = PBXContainerItemProxy;
			containerPortal = B0B4ABFABE6C392FD7333ECD /* Project object */;
			proxyType = 1;
			remoteGlobalIDString = 4C460BE6C239DCFFAA742BEE;
			remoteInfo = AgentUsage;
		};
/* End PBXContainerItemProxy section */

/* Begin PBXFileReference section */
		0EADC3E38C9140961AF87BF6 /* SettingsView.swift */ = {isa = PBXFileReference; lastKnownFileType = sourcecode.swift; path = SettingsView.swift; sourceTree = "<group>"; };
		2842300CA5F05EBA8B52A18C /* StatusModelTests.swift */ = {isa = PBXFileReference; lastKnownFileType = sourcecode.swift; path = StatusModelTests.swift; sourceTree = "<group>"; };
		36518780B48C1BE34EA74947 /* AgentUsage.app */ = {isa = PBXFileReference; explicitFileType = wrapper.application; includeInIndex = 0; path = AgentUsage.app; sourceTree = BUILT_PRODUCTS_DIR; };
		3CDCFE0C8974171F17EA0999 /* CommandCodeConnectionSection.swift */ = {isa = PBXFileReference; lastKnownFileType = sourcecode.swift; path = CommandCodeConnectionSection.swift; sourceTree = "<group>"; };
		4C01AD5545F0D1C1AFAE2B4A /* ClaudeSlotModelTests.swift */ = {isa = PBXFileReference; lastKnownFileType = sourcecode.swift; path = ClaudeSlotModelTests.swift; sourceTree = "<group>"; };
		5FF7444B5354DCF886C6D1ED /* AgentUsageUITests.xctest */ = {isa = PBXFileReference; explicitFileType = wrapper.cfbundle; includeInIndex = 0; path = AgentUsageUITests.xctest; sourceTree = BUILT_PRODUCTS_DIR; };
		60702F5AD5F8FFAA28A3D015 /* OpenCodeConnectionSection.swift */ = {isa = PBXFileReference; lastKnownFileType = sourcecode.swift; path = OpenCodeConnectionSection.swift; sourceTree = "<group>"; };
		6094A8A45081389ED6885153 /* CodexConnectionSection.swift */ = {isa = PBXFileReference; lastKnownFileType = sourcecode.swift; path = CodexConnectionSection.swift; sourceTree = "<group>"; };
		707DC9CF78C934A7D9D23FF6 /* Previews.swift */ = {isa = PBXFileReference; lastKnownFileType = sourcecode.swift; path = Previews.swift; sourceTree = "<group>"; };
		7C93F35BD30B7535C4239365 /* StatusModel.swift */ = {isa = PBXFileReference; lastKnownFileType = sourcecode.swift; path = StatusModel.swift; sourceTree = "<group>"; };
		835BB179094F92BE69416650 /* ClaudeConnectionSection.swift */ = {isa = PBXFileReference; lastKnownFileType = sourcecode.swift; path = ClaudeConnectionSection.swift; sourceTree = "<group>"; };
		87BC02D0CE3D4EED286098E5 /* CodexSlotModelTests.swift */ = {isa = PBXFileReference; lastKnownFileType = sourcecode.swift; path = CodexSlotModelTests.swift; sourceTree = "<group>"; };
		88E50BA683782C914F957F71 /* Info.plist */ = {isa = PBXFileReference; lastKnownFileType = text.plist; path = Info.plist; sourceTree = "<group>"; };
		9106949A8ADDBC7E6B25D977 /* StatusUITests.swift */ = {isa = PBXFileReference; lastKnownFileType = sourcecode.swift; path = StatusUITests.swift; sourceTree = "<group>"; };
		93D0A8E0C3CFEEFCCA55BED4 /* AgentUsageApp.swift */ = {isa = PBXFileReference; lastKnownFileType = sourcecode.swift; path = AgentUsageApp.swift; sourceTree = "<group>"; };
		9748006B03114B40DD933B33 /* ZaiConnectionSection.swift */ = {isa = PBXFileReference; lastKnownFileType = sourcecode.swift; path = ZaiConnectionSection.swift; sourceTree = "<group>"; };
		BEA65F1BA11458E21B15A531 /* AgentUsageTests.xctest */ = {isa = PBXFileReference; explicitFileType = wrapper.cfbundle; includeInIndex = 0; path = AgentUsageTests.xctest; sourceTree = BUILT_PRODUCTS_DIR; };
		C98A6707AB66F791641799E5 /* RootView.swift */ = {isa = PBXFileReference; lastKnownFileType = sourcecode.swift; path = RootView.swift; sourceTree = "<group>"; };
		D1E8A457ECCE3A9DC630B037 /* AgentUsageCore */ = {isa = PBXFileReference; lastKnownFileType = folder; name = AgentUsageCore; path = ../Packages/AgentUsageCore; sourceTree = SOURCE_ROOT; };
		E669CC8E1ACA537B12B66955 /* AccountDetailView.swift */ = {isa = PBXFileReference; lastKnownFileType = sourcecode.swift; path = AccountDetailView.swift; sourceTree = "<group>"; };
/* End PBXFileReference section */

/* Begin PBXFrameworksBuildPhase section */
		67E5B5F6F369AE097E4CFEC6 /* Frameworks */ = {
			isa = PBXFrameworksBuildPhase;
			buildActionMask = 2147483647;
			files = (
				00D5E5811745EF40F22AAFC3 /* AgentUsageCore in Frameworks */,
			);
			runOnlyForDeploymentPostprocessing = 0;
		};
/* End PBXFrameworksBuildPhase section */

/* Begin PBXGroup section */
		13FF111ABCC65227065719C3 /* AgentUsageUITests */ = {
			isa = PBXGroup;
			children = (
				9106949A8ADDBC7E6B25D977 /* StatusUITests.swift */,
			);
			path = AgentUsageUITests;
			sourceTree = "<group>";
		};
		28202F68459B22B802C3C0A6 /* Packages */ = {
			isa = PBXGroup;
			children = (
				D1E8A457ECCE3A9DC630B037 /* AgentUsageCore */,
			);
			name = Packages;
			sourceTree = "<group>";
		};
		6BC8533E81F67CF89BD0734B = {
			isa = PBXGroup;
			children = (
				A605ADA890D8CE0DD8F7E77E /* AgentUsage */,
				928D46C39C11395304E0BBD1 /* AgentUsageTests */,
				13FF111ABCC65227065719C3 /* AgentUsageUITests */,
				28202F68459B22B802C3C0A6 /* Packages */,
				6CC28BCF558CDFDCC124C3EE /* Products */,
			);
			sourceTree = "<group>";
		};
		6CC28BCF558CDFDCC124C3EE /* Products */ = {
			isa = PBXGroup;
			children = (
				36518780B48C1BE34EA74947 /* AgentUsage.app */,
				BEA65F1BA11458E21B15A531 /* AgentUsageTests.xctest */,
				5FF7444B5354DCF886C6D1ED /* AgentUsageUITests.xctest */,
			);
			name = Products;
			sourceTree = "<group>";
		};
		928D46C39C11395304E0BBD1 /* AgentUsageTests */ = {
			isa = PBXGroup;
			children = (
				4C01AD5545F0D1C1AFAE2B4A /* ClaudeSlotModelTests.swift */,
				87BC02D0CE3D4EED286098E5 /* CodexSlotModelTests.swift */,
				2842300CA5F05EBA8B52A18C /* StatusModelTests.swift */,
			);
			path = AgentUsageTests;
			sourceTree = "<group>";
		};
		A605ADA890D8CE0DD8F7E77E /* AgentUsage */ = {
			isa = PBXGroup;
			children = (
				E669CC8E1ACA537B12B66955 /* AccountDetailView.swift */,
				93D0A8E0C3CFEEFCCA55BED4 /* AgentUsageApp.swift */,
				835BB179094F92BE69416650 /* ClaudeConnectionSection.swift */,
				6094A8A45081389ED6885153 /* CodexConnectionSection.swift */,
				3CDCFE0C8974171F17EA0999 /* CommandCodeConnectionSection.swift */,
				88E50BA683782C914F957F71 /* Info.plist */,
				60702F5AD5F8FFAA28A3D015 /* OpenCodeConnectionSection.swift */,
				707DC9CF78C934A7D9D23FF6 /* Previews.swift */,
				C98A6707AB66F791641799E5 /* RootView.swift */,
				0EADC3E38C9140961AF87BF6 /* SettingsView.swift */,
				7C93F35BD30B7535C4239365 /* StatusModel.swift */,
				9748006B03114B40DD933B33 /* ZaiConnectionSection.swift */,
			);
			path = AgentUsage;
			sourceTree = "<group>";
		};
/* End PBXGroup section */

/* Begin PBXNativeTarget section */
		3719446407549AB808034EF8 /* AgentUsageUITests */ = {
			isa = PBXNativeTarget;
			buildConfigurationList = 78910E12727EAD81CC3F5197 /* Build configuration list for PBXNativeTarget "AgentUsageUITests" */;
			buildPhases = (
				FB79F10511ACD7E540F801FA /* Sources */,
			);
			buildRules = (
			);
			dependencies = (
				152ADC894ED5CE39DC184B8E /* PBXTargetDependency */,
			);
			name = AgentUsageUITests;
			packageProductDependencies = (
			);
			productName = AgentUsageUITests;
			productReference = 5FF7444B5354DCF886C6D1ED /* AgentUsageUITests.xctest */;
			productType = "com.apple.product-type.bundle.ui-testing";
		};
		4C460BE6C239DCFFAA742BEE /* AgentUsage */ = {
			isa = PBXNativeTarget;
			buildConfigurationList = 42C08FBCE913D26AFE231CEE /* Build configuration list for PBXNativeTarget "AgentUsage" */;
			buildPhases = (
				5AB2EE1E7DCF50F6EB330C31 /* Sources */,
				67E5B5F6F369AE097E4CFEC6 /* Frameworks */,
			);
			buildRules = (
			);
			dependencies = (
			);
			name = AgentUsage;
			packageProductDependencies = (
				7C5792EB10FF7C8A4E65F80C /* AgentUsageCore */,
			);
			productName = AgentUsage;
			productReference = 36518780B48C1BE34EA74947 /* AgentUsage.app */;
			productType = "com.apple.product-type.application";
		};
		DDEDE5F365163A9301FE1569 /* AgentUsageTests */ = {
			isa = PBXNativeTarget;
			buildConfigurationList = 212A1CB732030B13EB4D7FD8 /* Build configuration list for PBXNativeTarget "AgentUsageTests" */;
			buildPhases = (
				1995BFB4879F97F05AAC9586 /* Sources */,
			);
			buildRules = (
			);
			dependencies = (
				0C9F3B2BC2908FCE7BDDFB8A /* PBXTargetDependency */,
			);
			name = AgentUsageTests;
			packageProductDependencies = (
			);
			productName = AgentUsageTests;
			productReference = BEA65F1BA11458E21B15A531 /* AgentUsageTests.xctest */;
			productType = "com.apple.product-type.bundle.unit-test";
		};
/* End PBXNativeTarget section */

/* Begin PBXProject section */
		B0B4ABFABE6C392FD7333ECD /* Project object */ = {
			isa = PBXProject;
			attributes = {
				BuildIndependentTargetsInParallel = YES;
				LastUpgradeCheck = 1430;
				TargetAttributes = {
					3719446407549AB808034EF8 = {
						TestTargetID = 4C460BE6C239DCFFAA742BEE;
					};
				};
			};
			buildConfigurationList = CA292919107448D5D1C89F96 /* Build configuration list for PBXProject "AgentUsage" */;
			developmentRegion = en;
			hasScannedForEncodings = 0;
			knownRegions = (
				Base,
				en,
			);
			mainGroup = 6BC8533E81F67CF89BD0734B;
			minimizedProjectReferenceProxies = 1;
			packageReferences = (
				F8C8884404800B0B0B92A0BC /* XCLocalSwiftPackageReference "../Packages/AgentUsageCore" */,
			);
			preferredProjectObjectVersion = 77;
			productRefGroup = 6CC28BCF558CDFDCC124C3EE /* Products */;
			projectDirPath = "";
			projectRoot = "";
			targets = (
				4C460BE6C239DCFFAA742BEE /* AgentUsage */,
				DDEDE5F365163A9301FE1569 /* AgentUsageTests */,
				3719446407549AB808034EF8 /* AgentUsageUITests */,
			);
		};
/* End PBXProject section */

/* Begin PBXSourcesBuildPhase section */
		1995BFB4879F97F05AAC9586 /* Sources */ = {
			isa = PBXSourcesBuildPhase;
			buildActionMask = 2147483647;
			files = (
				5EDE7F818518D4E331AACE69 /* ClaudeSlotModelTests.swift in Sources */,
				ED665E2436BCB4D5BC14CC41 /* CodexSlotModelTests.swift in Sources */,
				2F0A66B043468141AAB5834E /* StatusModelTests.swift in Sources */,
			);
			runOnlyForDeploymentPostprocessing = 0;
		};
		5AB2EE1E7DCF50F6EB330C31 /* Sources */ = {
			isa = PBXSourcesBuildPhase;
			buildActionMask = 2147483647;
			files = (
				43879D086D755FC4D033C245 /* AccountDetailView.swift in Sources */,
				D689B88AF3E021AC243551FD /* AgentUsageApp.swift in Sources */,
				23FBBA939475A9EBAE164E7C /* ClaudeConnectionSection.swift in Sources */,
				1E2D8E2D98B17A4188607401 /* CodexConnectionSection.swift in Sources */,
				951FB78A6B643120918FD706 /* CommandCodeConnectionSection.swift in Sources */,
				BEF3086B8CAC04C4D79A3131 /* OpenCodeConnectionSection.swift in Sources */,
				FC1E84853B2E9645A46649F5 /* Previews.swift in Sources */,
				EED66B6739868935FCDBF91F /* RootView.swift in Sources */,
				341F38D5D39ADC952D3CCD5B /* SettingsView.swift in Sources */,
				B0BDD46A4660D294E537BBB8 /* StatusModel.swift in Sources */,
				45BD3B97BAC99141DBFB7FAE /* ZaiConnectionSection.swift in Sources */,
			);
			runOnlyForDeploymentPostprocessing = 0;
		};
		FB79F10511ACD7E540F801FA /* Sources */ = {
			isa = PBXSourcesBuildPhase;
			buildActionMask = 2147483647;
			files = (
				2DF388C85077104E67818E84 /* StatusUITests.swift in Sources */,
			);
			runOnlyForDeploymentPostprocessing = 0;
		};
/* End PBXSourcesBuildPhase section */

/* Begin PBXTargetDependency section */
		0C9F3B2BC2908FCE7BDDFB8A /* PBXTargetDependency */ = {
			isa = PBXTargetDependency;
			target = 4C460BE6C239DCFFAA742BEE /* AgentUsage */;
			targetProxy = 455C36DF7399DF4D34D5498B /* PBXContainerItemProxy */;
		};
		152ADC894ED5CE39DC184B8E /* PBXTargetDependency */ = {
			isa = PBXTargetDependency;
			target = 4C460BE6C239DCFFAA742BEE /* AgentUsage */;
			targetProxy = 716E6846E5CD017B0F691938 /* PBXContainerItemProxy */;
		};
/* End PBXTargetDependency section */

/* Begin XCBuildConfiguration section */
		197495006E165EAE1A88717E /* Release */ = {
			isa = XCBuildConfiguration;
			buildSettings = {
				ALWAYS_SEARCH_USER_PATHS = NO;
				ARCHS = arm64;
				CLANG_ANALYZER_NONNULL = YES;
				CLANG_ANALYZER_NUMBER_OBJECT_CONVERSION = YES_AGGRESSIVE;
				CLANG_CXX_LANGUAGE_STANDARD = "gnu++14";
				CLANG_CXX_LIBRARY = "libc++";
				CLANG_ENABLE_MODULES = YES;
				CLANG_ENABLE_OBJC_ARC = YES;
				CLANG_ENABLE_OBJC_WEAK = YES;
				CLANG_WARN_BLOCK_CAPTURE_AUTORELEASING = YES;
				CLANG_WARN_BOOL_CONVERSION = YES;
				CLANG_WARN_COMMA = YES;
				CLANG_WARN_CONSTANT_CONVERSION = YES;
				CLANG_WARN_DEPRECATED_OBJC_IMPLEMENTATIONS = YES;
				CLANG_WARN_DIRECT_OBJC_ISA_USAGE = YES_ERROR;
				CLANG_WARN_DOCUMENTATION_COMMENTS = YES;
				CLANG_WARN_EMPTY_BODY = YES;
				CLANG_WARN_ENUM_CONVERSION = YES;
				CLANG_WARN_INFINITE_RECURSION = YES;
				CLANG_WARN_INT_CONVERSION = YES;
				CLANG_WARN_NON_LITERAL_NULL_CONVERSION = YES;
				CLANG_WARN_OBJC_IMPLICIT_RETAIN_SELF = YES;
				CLANG_WARN_OBJC_LITERAL_CONVERSION = YES;
				CLANG_WARN_OBJC_ROOT_CLASS = YES_ERROR;
				CLANG_WARN_QUOTED_INCLUDE_IN_FRAMEWORK_HEADER = YES;
				CLANG_WARN_RANGE_LOOP_ANALYSIS = YES;
				CLANG_WARN_STRICT_PROTOTYPES = YES;
				CLANG_WARN_SUSPICIOUS_MOVE = YES;
				CLANG_WARN_UNGUARDED_AVAILABILITY = YES_AGGRESSIVE;
				CLANG_WARN_UNREACHABLE_CODE = YES;
				CLANG_WARN__DUPLICATE_METHOD_MATCH = YES;
				COPY_PHASE_STRIP = NO;
				DEBUG_INFORMATION_FORMAT = "dwarf-with-dsym";
				ENABLE_NS_ASSERTIONS = NO;
				ENABLE_STRICT_OBJC_MSGSEND = YES;
				GCC_C_LANGUAGE_STANDARD = gnu11;
				GCC_NO_COMMON_BLOCKS = YES;
				GCC_WARN_64_TO_32_BIT_CONVERSION = YES;
				GCC_WARN_ABOUT_RETURN_TYPE = YES_ERROR;
				GCC_WARN_UNDECLARED_SELECTOR = YES;
				GCC_WARN_UNINITIALIZED_AUTOS = YES_AGGRESSIVE;
				GCC_WARN_UNUSED_FUNCTION = YES;
				GCC_WARN_UNUSED_VARIABLE = YES;
				MACOSX_DEPLOYMENT_TARGET = 14.0;
				MTL_ENABLE_DEBUG_INFO = NO;
				MTL_FAST_MATH = YES;
				ONLY_ACTIVE_ARCH = YES;
				PRODUCT_NAME = "$(TARGET_NAME)";
				SDKROOT = macosx;
				SWIFT_COMPILATION_MODE = wholemodule;
				SWIFT_OPTIMIZATION_LEVEL = "-O";
				SWIFT_VERSION = 6.0;
			};
			name = Release;
		};
		34308E7CDD58A192AD5BB80B /* Debug */ = {
			isa = XCBuildConfiguration;
			buildSettings = {
				ALWAYS_SEARCH_USER_PATHS = NO;
				ARCHS = arm64;
				CLANG_ANALYZER_NONNULL = YES;
				CLANG_ANALYZER_NUMBER_OBJECT_CONVERSION = YES_AGGRESSIVE;
				CLANG_CXX_LANGUAGE_STANDARD = "gnu++14";
				CLANG_CXX_LIBRARY = "libc++";
				CLANG_ENABLE_MODULES = YES;
				CLANG_ENABLE_OBJC_ARC = YES;
				CLANG_ENABLE_OBJC_WEAK = YES;
				CLANG_WARN_BLOCK_CAPTURE_AUTORELEASING = YES;
				CLANG_WARN_BOOL_CONVERSION = YES;
				CLANG_WARN_COMMA = YES;
				CLANG_WARN_CONSTANT_CONVERSION = YES;
				CLANG_WARN_DEPRECATED_OBJC_IMPLEMENTATIONS = YES;
				CLANG_WARN_DIRECT_OBJC_ISA_USAGE = YES_ERROR;
				CLANG_WARN_DOCUMENTATION_COMMENTS = YES;
				CLANG_WARN_EMPTY_BODY = YES;
				CLANG_WARN_ENUM_CONVERSION = YES;
				CLANG_WARN_INFINITE_RECURSION = YES;
				CLANG_WARN_INT_CONVERSION = YES;
				CLANG_WARN_NON_LITERAL_NULL_CONVERSION = YES;
				CLANG_WARN_OBJC_IMPLICIT_RETAIN_SELF = YES;
				CLANG_WARN_OBJC_LITERAL_CONVERSION = YES;
				CLANG_WARN_OBJC_ROOT_CLASS = YES_ERROR;
				CLANG_WARN_QUOTED_INCLUDE_IN_FRAMEWORK_HEADER = YES;
				CLANG_WARN_RANGE_LOOP_ANALYSIS = YES;
				CLANG_WARN_STRICT_PROTOTYPES = YES;
				CLANG_WARN_SUSPICIOUS_MOVE = YES;
				CLANG_WARN_UNGUARDED_AVAILABILITY = YES_AGGRESSIVE;
				CLANG_WARN_UNREACHABLE_CODE = YES;
				CLANG_WARN__DUPLICATE_METHOD_MATCH = YES;
				COPY_PHASE_STRIP = NO;
				DEBUG_INFORMATION_FORMAT = dwarf;
				ENABLE_STRICT_OBJC_MSGSEND = YES;
				ENABLE_TESTABILITY = YES;
				GCC_C_LANGUAGE_STANDARD = gnu11;
				GCC_DYNAMIC_NO_PIC = NO;
				GCC_NO_COMMON_BLOCKS = YES;
				GCC_OPTIMIZATION_LEVEL = 0;
				GCC_PREPROCESSOR_DEFINITIONS = (
					"$(inherited)",
					"DEBUG=1",
				);
				GCC_WARN_64_TO_32_BIT_CONVERSION = YES;
				GCC_WARN_ABOUT_RETURN_TYPE = YES_ERROR;
				GCC_WARN_UNDECLARED_SELECTOR = YES;
				GCC_WARN_UNINITIALIZED_AUTOS = YES_AGGRESSIVE;
				GCC_WARN_UNUSED_FUNCTION = YES;
				GCC_WARN_UNUSED_VARIABLE = YES;
				MACOSX_DEPLOYMENT_TARGET = 14.0;
				MTL_ENABLE_DEBUG_INFO = INCLUDE_SOURCE;
				MTL_FAST_MATH = YES;
				ONLY_ACTIVE_ARCH = YES;
				PRODUCT_NAME = "$(TARGET_NAME)";
				SDKROOT = macosx;
				SWIFT_ACTIVE_COMPILATION_CONDITIONS = DEBUG;
				SWIFT_OPTIMIZATION_LEVEL = "-Onone";
				SWIFT_VERSION = 6.0;
			};
			name = Debug;
		};
		632DEB860C260469EE520D81 /* Debug */ = {
			isa = XCBuildConfiguration;
			buildSettings = {
				ASSETCATALOG_COMPILER_APPICON_NAME = AppIcon;
				COMBINE_HIDPI_IMAGES = YES;
				INFOPLIST_FILE = AgentUsage/Info.plist;
				LD_RUNPATH_SEARCH_PATHS = (
					"$(inherited)",
					"@executable_path/../Frameworks",
				);
				PRODUCT_BUNDLE_IDENTIFIER = com.juanlatorre.AgentUsage;
				SDKROOT = macosx;
			};
			name = Debug;
		};
		7E68958B6993BFAD4DB01D36 /* Debug */ = {
			isa = XCBuildConfiguration;
			buildSettings = {
				BUNDLE_LOADER = "$(TEST_HOST)";
				COMBINE_HIDPI_IMAGES = YES;
				GENERATE_INFOPLIST_FILE = YES;
				LD_RUNPATH_SEARCH_PATHS = (
					"$(inherited)",
					"@executable_path/Frameworks",
					"@loader_path/Frameworks",
				);
				PRODUCT_BUNDLE_IDENTIFIER = com.juanlatorre.AgentUsageUITests;
				SDKROOT = macosx;
				TEST_TARGET_NAME = AgentUsage;
			};
			name = Debug;
		};
		C21AADF20A0C1037A7343E17 /* Debug */ = {
			isa = XCBuildConfiguration;
			buildSettings = {
				BUNDLE_LOADER = "$(TEST_HOST)";
				COMBINE_HIDPI_IMAGES = YES;
				GENERATE_INFOPLIST_FILE = YES;
				LD_RUNPATH_SEARCH_PATHS = (
					"$(inherited)",
					"@executable_path/../Frameworks",
					"@loader_path/../Frameworks",
				);
				PRODUCT_BUNDLE_IDENTIFIER = com.juanlatorre.AgentUsageTests;
				SDKROOT = macosx;
				TEST_HOST = "$(BUILT_PRODUCTS_DIR)/AgentUsage.app/Contents/MacOS/AgentUsage";
			};
			name = Debug;
		};
		C47625AB45B539EC54642429 /* Release */ = {
			isa = XCBuildConfiguration;
			buildSettings = {
				BUNDLE_LOADER = "$(TEST_HOST)";
				COMBINE_HIDPI_IMAGES = YES;
				GENERATE_INFOPLIST_FILE = YES;
				LD_RUNPATH_SEARCH_PATHS = (
					"$(inherited)",
					"@executable_path/Frameworks",
					"@loader_path/Frameworks",
				);
				PRODUCT_BUNDLE_IDENTIFIER = com.juanlatorre.AgentUsageUITests;
				SDKROOT = macosx;
				TEST_TARGET_NAME = AgentUsage;
			};
			name = Release;
		};
		CD4F30EC31F984C862D333DA /* Release */ = {
			isa = XCBuildConfiguration;
			buildSettings = {
				ASSETCATALOG_COMPILER_APPICON_NAME = AppIcon;
				COMBINE_HIDPI_IMAGES = YES;
				INFOPLIST_FILE = AgentUsage/Info.plist;
				LD_RUNPATH_SEARCH_PATHS = (
					"$(inherited)",
					"@executable_path/../Frameworks",
				);
				PRODUCT_BUNDLE_IDENTIFIER = com.juanlatorre.AgentUsage;
				SDKROOT = macosx;
			};
			name = Release;
		};
		D0AE5571125112FFFCBE718D /* Release */ = {
			isa = XCBuildConfiguration;
			buildSettings = {
				BUNDLE_LOADER = "$(TEST_HOST)";
				COMBINE_HIDPI_IMAGES = YES;
				GENERATE_INFOPLIST_FILE = YES;
				LD_RUNPATH_SEARCH_PATHS = (
					"$(inherited)",
					"@executable_path/../Frameworks",
					"@loader_path/../Frameworks",
				);
				PRODUCT_BUNDLE_IDENTIFIER = com.juanlatorre.AgentUsageTests;
				SDKROOT = macosx;
				TEST_HOST = "$(BUILT_PRODUCTS_DIR)/AgentUsage.app/Contents/MacOS/AgentUsage";
			};
			name = Release;
		};
/* End XCBuildConfiguration section */

/* Begin XCConfigurationList section */
		212A1CB732030B13EB4D7FD8 /* Build configuration list for PBXNativeTarget "AgentUsageTests" */ = {
			isa = XCConfigurationList;
			buildConfigurations = (
				C21AADF20A0C1037A7343E17 /* Debug */,
				D0AE5571125112FFFCBE718D /* Release */,
			);
			defaultConfigurationIsVisible = 0;
			defaultConfigurationName = Debug;
		};
		42C08FBCE913D26AFE231CEE /* Build configuration list for PBXNativeTarget "AgentUsage" */ = {
			isa = XCConfigurationList;
			buildConfigurations = (
				632DEB860C260469EE520D81 /* Debug */,
				CD4F30EC31F984C862D333DA /* Release */,
			);
			defaultConfigurationIsVisible = 0;
			defaultConfigurationName = Debug;
		};
		78910E12727EAD81CC3F5197 /* Build configuration list for PBXNativeTarget "AgentUsageUITests" */ = {
			isa = XCConfigurationList;
			buildConfigurations = (
				7E68958B6993BFAD4DB01D36 /* Debug */,
				C47625AB45B539EC54642429 /* Release */,
			);
			defaultConfigurationIsVisible = 0;
			defaultConfigurationName = Debug;
		};
		CA292919107448D5D1C89F96 /* Build configuration list for PBXProject "AgentUsage" */ = {
			isa = XCConfigurationList;
			buildConfigurations = (
				34308E7CDD58A192AD5BB80B /* Debug */,
				197495006E165EAE1A88717E /* Release */,
			);
			defaultConfigurationIsVisible = 0;
			defaultConfigurationName = Debug;
		};
/* End XCConfigurationList section */

/* Begin XCLocalSwiftPackageReference section */
		F8C8884404800B0B0B92A0BC /* XCLocalSwiftPackageReference "../Packages/AgentUsageCore" */ = {
			isa = XCLocalSwiftPackageReference;
			relativePath = ../Packages/AgentUsageCore;
		};
/* End XCLocalSwiftPackageReference section */

/* Begin XCSwiftPackageProductDependency section */
		7C5792EB10FF7C8A4E65F80C /* AgentUsageCore */ = {
			isa = XCSwiftPackageProductDependency;
			productName = AgentUsageCore;
		};
/* End XCSwiftPackageProductDependency section */
	};
	rootObject = B0B4ABFABE6C392FD7333ECD /* Project object */;
}
